PODS:
  - CHKit (0.1.0):
    - DynamicColor
    - FCUUID
    - FMDB
    - JGProgressHUD
    - MJRefresh
    - NVActivityIndicatorView
    - ObjectMapper
    - PromiseKit
    - RAMAnimatedTabBarController
    - ReactiveCocoa
    - SnapKit
    - WebViewJavascriptBridge
  - DynamicColor (4.2.0)
  - FCUUID (1.3.1):
    - UICKeyChainStore (~> 2.1.0)
  - FMDB (2.7.5):
    - FMDB/standard (= 2.7.5)
  - FMDB/standard (2.7.5)
  - JGProgressHUD (2.1)
  - MJRefresh (3.3.1)
  - NVActivityIndicatorView (4.8.0):
    - NVActivityIndicatorView/Presenter (= 4.8.0)
  - NVActivityIndicatorView/Presenter (4.8.0)
  - ObjectMapper (3.5.2)
  - PromiseKit (6.13.1):
    - PromiseKit/CorePromise (= 6.13.1)
    - PromiseKit/Foundation (= 6.13.1)
    - PromiseKit/UIKit (= 6.13.1)
  - PromiseKit/CorePromise (6.13.1)
  - PromiseKit/Foundation (6.13.1):
    - PromiseKit/CorePromise
  - PromiseKit/UIKit (6.13.1):
    - PromiseKit/CorePromise
  - RAMAnimatedTabBarController (5.1.0)
  - ReactiveCocoa (10.2.0):
    - ReactiveSwift (~> 6.2)
  - ReactiveSwift (6.2.1)
  - SnapKit (5.0.1)
  - UICKeyChainStore (2.1.2)
  - WebViewJavascriptBridge (6.0.3)

DEPENDENCIES:
  - CHKit (from `../`)

SPEC REPOS:
  trunk:
    - DynamicColor
    - FCUUID
    - FMDB
    - JGProgressHUD
    - MJRefresh
    - NVActivityIndicatorView
    - ObjectMapper
    - PromiseKit
    - RAMAnimatedTabBarController
    - ReactiveCocoa
    - ReactiveSwift
    - SnapKit
    - UICKeyChainStore
    - WebViewJavascriptBridge

EXTERNAL SOURCES:
  CHKit:
    :path: "../"

SPEC CHECKSUMS:
  CHKit: f541f324bf19cf0977529113de16c821dc89eacf
  DynamicColor: c475f66bda1cabf602f2c54ac1171c0c07148a5a
  FCUUID: bb054fc90cd7cd99320f9f6ff8e130fe607fba05
  FMDB: 2ce00b547f966261cd18927a3ddb07cb6f3db82a
  JGProgressHUD: aa403e9a5b45cae98903c4600cccdd98c0c3ec90
  MJRefresh: eeda70fbf0ad277f3178cef1cd0c3532591d6237
  NVActivityIndicatorView: d24b7ebcf80af5dcd994adb650e2b6c93379270f
  ObjectMapper: b53ae947d370bf89423e86be7d4e2d2b2a8d3f40
  PromiseKit: 28fda91c973cc377875d8c0ea4f973013c05b6db
  RAMAnimatedTabBarController: b5c821298071fded801532216ad8a24394f89859
  ReactiveCocoa: a123c42f449c552460a4ee217dd49c76a17c8204
  ReactiveSwift: 07ddf579f4eb3ee3bd656214f0461aaf2c0fd639
  SnapKit: 97b92857e3df3a0c71833cce143274bf6ef8e5eb
  UICKeyChainStore: 85db518bb1d294366d15ec9b92a416c4e670518f
  WebViewJavascriptBridge: 7f5bc4d3581e672e8f32bd0f812d54bc69bb8e29

PODFILE CHECKSUM: 8c974e2989100431d03a6637f6a3c0beb5836074

COCOAPODS: 1.8.4
